{
  "name": "nft-inflation",
  "version": "1.0.0",
  "lockfileVersion": 2,
  "requires": true,
  "packages": {
    "": {
      "name": "nft-inflation",
      "version": "1.0.0",
      "license": "GPL-3.0-or-later",
      "dependencies": {
        "f5stegojs": "^0.1.2"
      }
    },
    "node_modules/f5stegojs": {
      "version": "0.1.2",
      "resolved": "https://registry.npmjs.org/f5stegojs/-/f5stegojs-0.1.2.tgz",
      "integrity": "sha1-upRMvetWtiYE5OrqwHj0c4ZdXiA=",
      "dependencies": {
        "minimist": "^1.2.0"
      },
      "bin": {
        "f5stego": "bin/f5stego",
        "stegodctdump": "bin/stegodctdump",
        "stegodcthist": "bin/stegodcthist"
      }
    },
    "node_modules/minimist": {
      "version": "1.2.5",
      "resolved": "https://registry.npmjs.org/minimist/-/minimist-1.2.5.tgz",
      "integrity": "sha512-FM9nNUYrRBAELZQT3xeZQ7fmMOBg6nWNmJKTcgsJeaLstP/UODVpGsr5OhXhhXg6f+qtJ8uiZ+PUxkDWcgIXLw=="
    }
  },
  "dependencies": {
    "f5stegojs": {
      "version": "0.1.2",
      "resolved": "https://registry.npmjs.org/f5stegojs/-/f5stegojs-0.1.2.tgz",
      "integrity": "sha1-upRMvetWtiYE5OrqwHj0c4ZdXiA=",
      "requires": {
        "minimist": "^1.2.0"
      }
    },
    "minimist": {
      "version": "1.2.5",
      "resolved": "https://registry.npmjs.org/minimist/-/minimist-1.2.5.tgz",
      "integrity": "sha512-FM9nNUYrRBAELZQT3xeZQ7fmMOBg6nWNmJKTcgsJeaLstP/UODVpGsr5OhXhhXg6f+qtJ8uiZ+PUxkDWcgIXLw=="
    }
  }
}
